// !$*UTF8*$!
{
	archiveVersion = 1;
	classes = {
	};
	objectVersion = 46;
	objects = {

/* Begin PBXBuildFile section */
		3013FDB91BCCE41C005DC0B8 /* JournalTableViewCell.m in Sources */ = {isa = PBXBuildFile; fileRef = 3013FDB81BCCE41C005DC0B8 /* JournalTableViewCell.m */; settings = {ASSET_TAGS = (); }; };
		3013FDC11BCCF399005DC0B8 /* img1.jpg in Resources */ = {isa = PBXBuildFile; fileRef = 3013FDBB1BCCF398005DC0B8 /* img1.jpg */; settings = {ASSET_TAGS = (); }; };
		3013FDC21BCCF399005DC0B8 /* img2.jpg in Resources */ = {isa = PBXBuildFile; fileRef = 3013FDBC1BCCF398005DC0B8 /* img2.jpg */; settings = {ASSET_TAGS = (); }; };
		3013FDC31BCCF399005DC0B8 /* img3.jpeg in Resources */ = {isa = PBXBuildFile; fileRef = 3013FDBD1BCCF398005DC0B8 /* img3.jpeg */; settings = {ASSET_TAGS = (); }; };
		3013FDC41BCCF399005DC0B8 /* img4.jpeg in Resources */ = {isa = PBXBuildFile; fileRef = 3013FDBE1BCCF398005DC0B8 /* img4.jpeg */; settings = {ASSET_TAGS = (); }; };
		3013FDC51BCCF399005DC0B8 /* img5.jpg in Resources */ = {isa = PBXBuildFile; fileRef = 3013FDBF1BCCF398005DC0B8 /* img5.jpg */; settings = {ASSET_TAGS = (); }; };
		3013FDC61BCCF399005DC0B8 /* img6.jpg in Resources */ = {isa = PBXBuildFile; fileRef = 3013FDC01BCCF398005DC0B8 /* img6.jpg */; settings = {ASSET_TAGS = (); }; };
		30E1D7CE1BCCB987003B2986 /* main.m in Sources */ = {isa = PBXBuildFile; fileRef = 30E1D7CD1BCCB987003B2986 /* main.m */; };
		30E1D7D11BCCB987003B2986 /* AppDelegate.m in Sources */ = {isa = PBXBuildFile; fileRef = 30E1D7D01BCCB987003B2986 /* AppDelegate.m */; };
		30E1D7D41BCCB987003B2986 /* ViewController.m in Sources */ = {isa = PBXBuildFile; fileRef = 30E1D7D31BCCB987003B2986 /* ViewController.m */; };
		30E1D7D71BCCB987003B2986 /* Main.storyboard in Resources */ = {isa = PBXBuildFile; fileRef = 30E1D7D51BCCB987003B2986 /* Main.storyboard */; };
		30E1D7D91BCCB988003B2986 /* Assets.xcassets in Resources */ = {isa = PBXBuildFile; fileRef = 30E1D7D81BCCB988003B2986 /* Assets.xcassets */; };
		30E1D7DC1BCCB988003B2986 /* LaunchScreen.storyboard in Resources */ = {isa = PBXBuildFile; fileRef = 30E1D7DA1BCCB988003B2986 /* LaunchScreen.storyboard */; };
		30E1D7E71BCCB988003B2986 /* TestScrollSegmentedControlTests.m in Sources */ = {isa = PBXBuildFile; fileRef = 30E1D7E61BCCB988003B2986 /* TestScrollSegmentedControlTests.m */; };
		30E1D7F21BCCB989003B2986 /* TestScrollSegmentedControlUITests.m in Sources */ = {isa = PBXBuildFile; fileRef = 30E1D7F11BCCB989003B2986 /* TestScrollSegmentedControlUITests.m */; };
/* End PBXBuildFile section */

/* Begin PBXContainerItemProxy section */
		30E1D7E31BCCB988003B2986 /* PBXContainerItemProxy */ = {
			isa = PBXContainerItemProxy;
			containerPortal = 30E1D7C11BCCB987003B2986 /* Project object */;
			proxyType = 1;
			remoteGlobalIDString = 30E1D7C81BCCB987003B2986;
			remoteInfo = TestScrollSegmentedControl;
		};
		30E1D7EE1BCCB988003B2986 /* PBXContainerItemProxy */ = {
			isa = PBXContainerItemProxy;
			containerPortal = 30E1D7C11BCCB987003B2986 /* Project object */;
			proxyType = 1;
			remoteGlobalIDString = 30E1D7C81BCCB987003B2986;
			remoteInfo = TestScrollSegmentedControl;
		};
/* End PBXContainerItemProxy section */

/* Begin PBXFileReference section */
		3013FDB71BCCE41C005DC0B8 /* JournalTableViewCell.h */ = {isa = PBXFileReference; fileEncoding = 4; lastKnownFileType = sourcecode.c.h; path = JournalTableViewCell.h; sourceTree = "<group>"; };
		3013FDB81BCCE41C005DC0B8 /* JournalTableViewCell.m */ = {isa = PBXFileReference; fileEncoding = 4; lastKnownFileType = sourcecode.c.objc; path = JournalTableViewCell.m; sourceTree = "<group>"; };
		3013FDBB1BCCF398005DC0B8 /* img1.jpg */ = {isa = PBXFileReference; lastKnownFileType = image.jpeg; path = img1.jpg; sourceTree = "<group>"; };
		3013FDBC1BCCF398005DC0B8 /* img2.jpg */ = {isa = PBXFileReference; lastKnownFileType = image.jpeg; path = img2.jpg; sourceTree = "<group>"; };
		3013FDBD1BCCF398005DC0B8 /* img3.jpeg */ = {isa = PBXFileReference; lastKnownFileType = image.jpeg; path = img3.jpeg; sourceTree = "<group>"; };
		3013FDBE1BCCF398005DC0B8 /* img4.jpeg */ = {isa = PBXFileReference; lastKnownFileType = image.jpeg; path = img4.jpeg; sourceTree = "<group>"; };
		3013FDBF1BCCF398005DC0B8 /* img5.jpg */ = {isa = PBXFileReference; lastKnownFileType = image.jpeg; path = img5.jpg; sourceTree = "<group>"; };
		3013FDC01BCCF398005DC0B8 /* img6.jpg */ = {isa = PBXFileReference; lastKnownFileType = image.jpeg; path = img6.jpg; sourceTree = "<group>"; };
		30E1D7C91BCCB987003B2986 /* TestScrollSegmentedControl.app */ = {isa = PBXFileReference; explicitFileType = wrapper.application; includeInIndex = 0; path = TestScrollSegmentedControl.app; sourceTree = BUILT_PRODUCTS_DIR; };
		30E1D7CD1BCCB987003B2986 /* main.m */ = {isa = PBXFileReference; lastKnownFileType = sourcecode.c.objc; path = main.m; sourceTree = "<group>"; };
		30E1D7CF1BCCB987003B2986 /* AppDelegate.h */ = {isa = PBXFileReference; lastKnownFileType = sourcecode.c.h; path = AppDelegate.h; sourceTree = "<group>"; };
		30E1D7D01BCCB987003B2986 /* AppDelegate.m */ = {isa = PBXFileReference; lastKnownFileType = sourcecode.c.objc; path = AppDelegate.m; sourceTree = "<group>"; };
		30E1D7D21BCCB987003B2986 /* ViewController.h */ = {isa = PBXFileReference; lastKnownFileType = sourcecode.c.h; path = ViewController.h; sourceTree = "<group>"; };
		30E1D7D31BCCB987003B2986 /* ViewController.m */ = {isa = PBXFileReference; lastKnownFileType = sourcecode.c.objc; path = ViewController.m; sourceTree = "<group>"; };
		30E1D7D61BCCB987003B2986 /* Base */ = {isa = PBXFileReference; lastKnownFileType = file.storyboard; name = Base; path = Base.lproj/Main.storyboard; sourceTree = "<group>"; };
		30E1D7D81BCCB988003B2986 /* Assets.xcassets */ = {isa = PBXFileReference; lastKnownFileType = folder.assetcatalog; path = Assets.xcassets; sourceTree = "<group>"; };
		30E1D7DB1BCCB988003B2986 /* Base */ = {isa = PBXFileReference; lastKnownFileType = file.storyboard; name = Base; path = Base.lproj/LaunchScreen.storyboard; sourceTree = "<group>"; };
		30E1D7DD1BCCB988003B2986 /* Info.plist */ = {isa = PBXFileReference; lastKnownFileType = text.plist.xml; path = Info.plist; sourceTree = "<group>"; };
		30E1D7E21BCCB988003B2986 /* TestScrollSegmentedControlTests.xctest */ = {isa = PBXFileReference; explicitFileType = wrapper.cfbundle; includeInIndex = 0; path = TestScrollSegmentedControlTests.xctest; sourceTree = BUILT_PRODUCTS_DIR; };
		30E1D7E61BCCB988003B2986 /* TestScrollSegmentedControlTests.m */ = {isa = PBXFileReference; lastKnownFileType = sourcecode.c.objc; path = TestScrollSegmentedControlTests.m; sourceTree = "<group>"; };
		30E1D7E81BCCB988003B2986 /* Info.plist */ = {isa = PBXFileReference; lastKnownFileType = text.plist.xml; path = Info.plist; sourceTree = "<group>"; };
		30E1D7ED1BCCB988003B2986 /* TestScrollSegmentedControlUITests.xctest */ = {isa = PBXFileReference; explicitFileType = wrapper.cfbundle; includeInIndex = 0; path = TestScrollSegmentedControlUITests.xctest; sourceTree = BUILT_PRODUCTS_DIR; };
		30E1D7F11BCCB989003B2986 /* TestScrollSegmentedControlUITests.m */ = {isa = PBXFileReference; lastKnownFileType = sourcecode.c.objc; path = TestScrollSegmentedControlUITests.m; sourceTree = "<group>"; };
		30E1D7F31BCCB989003B2986 /* Info.plist */ = {isa = PBXFileReference; lastKnownFileType = text.plist.xml; path = Info.plist; sourceTree = "<group>"; };
/* End PBXFileReference section */

/* Begin PBXFrameworksBuildPhase section */
		30E1D7C61BCCB987003B2986 /* Frameworks */ = {
			isa = PBXFrameworksBuildPhase;
			buildActionMask = 2147483647;
			files = (
			);
			runOnlyForDeploymentPostprocessing = 0;
		};
		30E1D7DF1BCCB988003B2986 /* Frameworks */ = {
			isa = PBXFrameworksBuildPhase;
			buildActionMask = 2147483647;
			files = (
			);
			runOnlyForDeploymentPostprocessing = 0;
		};
		30E1D7EA1BCCB988003B2986 /* Frameworks */ = {
			isa = PBXFrameworksBuildPhase;
			buildActionMask = 2147483647;
			files = (
			);
			runOnlyForDeploymentPostprocessing = 0;
		};
/* End PBXFrameworksBuildPhase section */

/* Begin PBXGroup section */
		3013FDBA1BCCF398005DC0B8 /* img */ = {
			isa = PBXGroup;
			children = (
				3013FDBB1BCCF398005DC0B8 /* img1.jpg */,
				3013FDBC1BCCF398005DC0B8 /* img2.jpg */,
				3013FDBD1BCCF398005DC0B8 /* img3.jpeg */,
				3013FDBE1BCCF398005DC0B8 /* img4.jpeg */,
				3013FDBF1BCCF398005DC0B8 /* img5.jpg */,
				3013FDC01BCCF398005DC0B8 /* img6.jpg */,
			);
			path = img;
			sourceTree = "<group>";
		};
		30E1D7C01BCCB986003B2986 = {
			isa = PBXGroup;
			children = (
				30E1D7CB1BCCB987003B2986 /* TestScrollSegmentedControl */,
				30E1D7E51BCCB988003B2986 /* TestScrollSegmentedControlTests */,
				30E1D7F01BCCB989003B2986 /* TestScrollSegmentedControlUITests */,
				30E1D7CA1BCCB987003B2986 /* Products */,
			);
			sourceTree = "<group>";
		};
		30E1D7CA1BCCB987003B2986 /* Products */ = {
			isa = PBXGroup;
			children = (
				30E1D7C91BCCB987003B2986 /* TestScrollSegmentedControl.app */,
				30E1D7E21BCCB988003B2986 /* TestScrollSegmentedControlTests.xctest */,
				30E1D7ED1BCCB988003B2986 /* TestScrollSegmentedControlUITests.xctest */,
			);
			name = Products;
			sourceTree = "<group>";
		};
		30E1D7CB1BCCB987003B2986 /* TestScrollSegmentedControl */ = {
			isa = PBXGroup;
			children = (
				3013FDBA1BCCF398005DC0B8 /* img */,
				30E1D7CF1BCCB987003B2986 /* AppDelegate.h */,
				30E1D7D01BCCB987003B2986 /* AppDelegate.m */,
				30E1D7D21BCCB987003B2986 /* ViewController.h */,
				30E1D7D31BCCB987003B2986 /* ViewController.m */,
				30E1D7D51BCCB987003B2986 /* Main.storyboard */,
				30E1D7D81BCCB988003B2986 /* Assets.xcassets */,
				30E1D7DA1BCCB988003B2986 /* LaunchScreen.storyboard */,
				30E1D7DD1BCCB988003B2986 /* Info.plist */,
				30E1D7CC1BCCB987003B2986 /* Supporting Files */,
				3013FDB71BCCE41C005DC0B8 /* JournalTableViewCell.h */,
				3013FDB81BCCE41C005DC0B8 /* JournalTableViewCell.m */,
			);
			path = TestScrollSegmentedControl;
			sourceTree = "<group>";
		};
		30E1D7CC1BCCB987003B2986 /* Supporting Files */ = {
			isa = PBXGroup;
			children = (
				30E1D7CD1BCCB987003B2986 /* main.m */,
			);
			name = "Supporting Files";
			sourceTree = "<group>";
		};
		30E1D7E51BCCB988003B2986 /* TestScrollSegmentedControlTests */ = {
			isa = PBXGroup;
			children = (
				30E1D7E61BCCB988003B2986 /* TestScrollSegmentedControlTests.m */,
				30E1D7E81BCCB988003B2986 /* Info.plist */,
			);
			path = TestScrollSegmentedControlTests;
			sourceTree = "<group>";
		};
		30E1D7F01BCCB989003B2986 /* TestScrollSegmentedControlUITests */ = {
			isa = PBXGroup;
			children = (
				30E1D7F11BCCB989003B2986 /* TestScrollSegmentedControlUITests.m */,
				30E1D7F31BCCB989003B2986 /* Info.plist */,
			);
			path = TestScrollSegmentedControlUITests;
			sourceTree = "<group>";
		};
/* End PBXGroup section */

/* Begin PBXNativeTarget section */
		30E1D7C81BCCB987003B2986 /* TestScrollSegmentedControl */ = {
			isa = PBXNativeTarget;
			buildConfigurationList = 30E1D7F61BCCB989003B2986 /* Build configuration list for PBXNativeTarget "TestScrollSegmentedControl" */;
			buildPhases = (
				30E1D7C51BCCB987003B2986 /* Sources */,
				30E1D7C61BCCB987003B2986 /* Frameworks */,
				30E1D7C71BCCB987003B2986 /* Resources */,
			);
			buildRules = (
			);
			dependencies = (
			);
			name = TestScrollSegmentedControl;
			productName = TestScrollSegmentedControl;
			productReference = 30E1D7C91BCCB987003B2986 /* TestScrollSegmentedControl.app */;
			productType = "com.apple.product-type.application";
		};
		30E1D7E11BCCB988003B2986 /* TestScrollSegmentedControlTests */ = {
			isa = PBXNativeTarget;
			buildConfigurationList = 30E1D7F91BCCB989003B2986 /* Build configuration list for PBXNativeTarget "TestScrollSegmentedControlTests" */;
			buildPhases = (
				30E1D7DE1BCCB988003B2986 /* Sources */,
				30E1D7DF1BCCB988003B2986 /* Frameworks */,
				30E1D7E01BCCB988003B2986 /* Resources */,
			);
			buildRules = (
			);
			dependencies = (
				30E1D7E41BCCB988003B2986 /* PBXTargetDependency */,
			);
			name = TestScrollSegmentedControlTests;
			productName = TestScrollSegmentedControlTests;
			productReference = 30E1D7E21BCCB988003B2986 /* TestScrollSegmentedControlTests.xctest */;
			productType = "com.apple.product-type.bundle.unit-test";
		};
		30E1D7EC1BCCB988003B2986 /* TestScrollSegmentedControlUITests */ = {
			isa = PBXNativeTarget;
			buildConfigurationList = 30E1D7FC1BCCB989003B2986 /* Build configuration list for PBXNativeTarget "TestScrollSegmentedControlUITests" */;
			buildPhases = (
				30E1D7E91BCCB988003B2986 /* Sources */,
				30E1D7EA1BCCB988003B2986 /* Frameworks */,
				30E1D7EB1BCCB988003B2986 /* Resources */,
			);
			buildRules = (
			);
			dependencies = (
				30E1D7EF1BCCB988003B2986 /* PBXTargetDependency */,
			);
			name = TestScrollSegmentedControlUITests;
			productName = TestScrollSegmentedControlUITests;
			productReference = 30E1D7ED1BCCB988003B2986 /* TestScrollSegmentedControlUITests.xctest */;
			productType = "com.apple.product-type.bundle.ui-testing";
		};
/* End PBXNativeTarget section */

/* Begin PBXProject section */
		30E1D7C11BCCB987003B2986 /* Project object */ = {
			isa = PBXProject;
			attributes = {
				LastUpgradeCheck = 0700;
				ORGANIZATIONNAME = ECEP;
				TargetAttributes = {
					30E1D7C81BCCB987003B2986 = {
						CreatedOnToolsVersion = 7.0.1;
					};
					30E1D7E11BCCB988003B2986 = {
						CreatedOnToolsVersion = 7.0.1;
						TestTargetID = 30E1D7C81BCCB987003B2986;
					};
					30E1D7EC1BCCB988003B2986 = {
						CreatedOnToolsVersion = 7.0.1;
						TestTargetID = 30E1D7C81BCCB987003B2986;
					};
				};
			};
			buildConfigurationList = 30E1D7C41BCCB987003B2986 /* Build configuration list for PBXProject "TestScrollSegmentedControl" */;
			compatibilityVersion = "Xcode 3.2";
			developmentRegion = English;
			hasScannedForEncodings = 0;
			knownRegions = (
				en,
				Base,
			);
			mainGroup = 30E1D7C01BCCB986003B2986;
			productRefGroup = 30E1D7CA1BCCB987003B2986 /* Products */;
			projectDirPath = "";
			projectRoot = "";
			targets = (
				30E1D7C81BCCB987003B2986 /* TestScrollSegmentedControl */,
				30E1D7E11BCCB988003B2986 /* TestScrollSegmentedControlTests */,
				30E1D7EC1BCCB988003B2986 /* TestScrollSegmentedControlUITests */,
			);
		};
/* End PBXProject section */

/* Begin PBXResourcesBuildPhase section */
		30E1D7C71BCCB987003B2986 /* Resources */ = {
			isa = PBXResourcesBuildPhase;
			buildActionMask = 2147483647;
			files = (
				30E1D7DC1BCCB988003B2986 /* LaunchScreen.storyboard in Resources */,
				3013FDC51BCCF399005DC0B8 /* img5.jpg in Resources */,
				3013FDC41BCCF399005DC0B8 /* img4.jpeg in Resources */,
				3013FDC21BCCF399005DC0B8 /* img2.jpg in Resources */,
				3013FDC61BCCF399005DC0B8 /* img6.jpg in Resources */,
				3013FDC11BCCF399005DC0B8 /* img1.jpg in Resources */,
				30E1D7D91BCCB988003B2986 /* Assets.xcassets in Resources */,
				30E1D7D71BCCB987003B2986 /* Main.storyboard in Resources */,
				3013FDC31BCCF399005DC0B8 /* img3.jpeg in Resources */,
			);
			runOnlyForDeploymentPostprocessing = 0;
		};
		30E1D7E01BCCB988003B2986 /* Resources */ = {
			isa = PBXResourcesBuildPhase;
			buildActionMask = 2147483647;
			files = (
			);
			runOnlyForDeploymentPostprocessing = 0;
		};
		30E1D7EB1BCCB988003B2986 /* Resources */ = {
			isa = PBXResourcesBuildPhase;
			buildActionMask = 2147483647;
			files = (
			);
			runOnlyForDeploymentPostprocessing = 0;
		};
/* End PBXResourcesBuildPhase section */

/* Begin PBXSourcesBuildPhase section */
		30E1D7C51BCCB987003B2986 /* Sources */ = {
			isa = PBXSourcesBuildPhase;
			buildActionMask = 2147483647;
			files = (
				30E1D7D41BCCB987003B2986 /* ViewController.m in Sources */,
				30E1D7D11BCCB987003B2986 /* AppDelegate.m in Sources */,
				30E1D7CE1BCCB987003B2986 /* main.m in Sources */,
				3013FDB91BCCE41C005DC0B8 /* JournalTableViewCell.m in Sources */,
			);
			runOnlyForDeploymentPostprocessing = 0;
		};
		30E1D7DE1BCCB988003B2986 /* Sources */ = {
			isa = PBXSourcesBuildPhase;
			buildActionMask = 2147483647;
			files = (
				30E1D7E71BCCB988003B2986 /* TestScrollSegmentedControlTests.m in Sources */,
			);
			runOnlyForDeploymentPostprocessing = 0;
		};
		30E1D7E91BCCB988003B2986 /* Sources */ = {
			isa = PBXSourcesBuildPhase;
			buildActionMask = 2147483647;
			files = (
				30E1D7F21BCCB989003B2986 /* TestScrollSegmentedControlUITests.m in Sources */,
			);
			runOnlyForDeploymentPostprocessing = 0;
		};
/* End PBXSourcesBuildPhase section */

/* Begin PBXTargetDependency section */
		30E1D7E41BCCB988003B2986 /* PBXTargetDependency */ = {
			isa = PBXTargetDependency;
			target = 30E1D7C81BCCB987003B2986 /* TestScrollSegmentedControl */;
			targetProxy = 30E1D7E31BCCB988003B2986 /* PBXContainerItemProxy */;
		};
		30E1D7EF1BCCB988003B2986 /* PBXTargetDependency */ = {
			isa = PBXTargetDependency;
			target = 30E1D7C81BCCB987003B2986 /* TestScrollSegmentedControl */;
			targetProxy = 30E1D7EE1BCCB988003B2986 /* PBXContainerItemProxy */;
		};
/* End PBXTargetDependency section */

/* Begin PBXVariantGroup section */
		30E1D7D51BCCB987003B2986 /* Main.storyboard */ = {
			isa = PBXVariantGroup;
			children = (
				30E1D7D61BCCB987003B2986 /* Base */,
			);
			name = Main.storyboard;
			sourceTree = "<group>";
		};
		30E1D7DA1BCCB988003B2986 /* LaunchScreen.storyboard */ = {
			isa = PBXVariantGroup;
			children = (
				30E1D7DB1BCCB988003B2986 /* Base */,
			);
			name = LaunchScreen.storyboard;
			sourceTree = "<group>";
		};
/* End PBXVariantGroup section */

/* Begin XCBuildConfiguration section */
		30E1D7F41BCCB989003B2986 /* Debug */ = {
			isa = XCBuildConfiguration;
			buildSettings = {
				ALWAYS_SEARCH_USER_PATHS = NO;
				CLANG_CXX_LANGUAGE_STANDARD = "gnu++0x";
				CLANG_CXX_LIBRARY = "libc++";
				CLANG_ENABLE_MODULES = YES;
				CLANG_ENABLE_OBJC_ARC = YES;
				CLANG_WARN_BOOL_CONVERSION = YES;
				CLANG_WARN_CONSTANT_CONVERSION = YES;
				CLANG_WARN_DIRECT_OBJC_ISA_USAGE = YES_ERROR;
				CLANG_WARN_EMPTY_BODY = YES;
				CLANG_WARN_ENUM_CONVERSION = YES;
				CLANG_WARN_INT_CONVERSION = YES;
				CLANG_WARN_OBJC_ROOT_CLASS = YES_ERROR;
				CLANG_WARN_UNREACHABLE_CODE = YES;
				CLANG_WARN__DUPLICATE_METHOD_MATCH = YES;
				"CODE_SIGN_IDENTITY[sdk=iphoneos*]" = "iPhone Developer";
				COPY_PHASE_STRIP = NO;
				DEBUG_INFORMATION_FORMAT = dwarf;
				ENABLE_STRICT_OBJC_MSGSEND = YES;
				ENABLE_TESTABILITY = YES;
				GCC_C_LANGUAGE_STANDARD = gnu99;
				GCC_DYNAMIC_NO_PIC = NO;
				GCC_NO_COMMON_BLOCKS = YES;
				GCC_OPTIMIZATION_LEVEL = 0;
				GCC_PREPROCESSOR_DEFINITIONS = (
					"DEBUG=1",
					"$(inherited)",
				);
				GCC_WARN_64_TO_32_BIT_CONVERSION = YES;
				GCC_WARN_ABOUT_RETURN_TYPE = YES_ERROR;
				GCC_WARN_UNDECLARED_SELECTOR = YES;
				GCC_WARN_UNINITIALIZED_AUTOS = YES_AGGRESSIVE;
				GCC_WARN_UNUSED_FUNCTION = YES;
				GCC_WARN_UNUSED_VARIABLE = YES;
				IPHONEOS_DEPLOYMENT_TARGET = 9.0;
				MTL_ENABLE_DEBUG_INFO = YES;
				ONLY_ACTIVE_ARCH = YES;
				SDKROOT = iphoneos;
			};
			name = Debug;
		};
		30E1D7F51BCCB989003B2986 /* Release */ = {
			isa = XCBuildConfiguration;
			buildSettings = {
				ALWAYS_SEARCH_USER_PATHS = NO;
				CLANG_CXX_LANGUAGE_STANDARD = "gnu++0x";
				CLANG_CXX_LIBRARY = "libc++";
				CLANG_ENABLE_MODULES = YES;
				CLANG_ENABLE_OBJC_ARC = YES;
				CLANG_WARN_BOOL_CONVERSION = YES;
				CLANG_WARN_CONSTANT_CONVERSION = YES;
				CLANG_WARN_DIRECT_OBJC_ISA_USAGE = YES_ERROR;
				CLANG_WARN_EMPTY_BODY = YES;
				CLANG_WARN_ENUM_CONVERSION = YES;
				CLANG_WARN_INT_CONVERSION = YES;
				CLANG_WARN_OBJC_ROOT_CLASS = YES_ERROR;
				CLANG_WARN_UNREACHABLE_CODE = YES;
				CLANG_WARN__DUPLICATE_METHOD_MATCH = YES;
				"CODE_SIGN_IDENTITY[sdk=iphoneos*]" = "iPhone Developer";
				COPY_PHASE_STRIP = NO;
				DEBUG_INFORMATION_FORMAT = "dwarf-with-dsym";
				ENABLE_NS_ASSERTIONS = NO;
				ENABLE_STRICT_OBJC_MSGSEND = YES;
				GCC_C_LANGUAGE_STANDARD = gnu99;
				GCC_NO_COMMON_BLOCKS = YES;
				GCC_WARN_64_TO_32_BIT_CONVERSION = YES;
				GCC_WARN_ABOUT_RETURN_TYPE = YES_ERROR;
				GCC_WARN_UNDECLARED_SELECTOR = YES;
				GCC_WARN_UNINITIALIZED_AUTOS = YES_AGGRESSIVE;
				GCC_WARN_UNUSED_FUNCTION = YES;
				GCC_WARN_UNUSED_VARIABLE = YES;
				IPHONEOS_DEPLOYMENT_TARGET = 9.0;
				MTL_ENABLE_DEBUG_INFO = NO;
				SDKROOT = iphoneos;
				VALIDATE_PRODUCT = YES;
			};
			name = Release;
		};
		30E1D7F71BCCB989003B2986 /* Debug */ = {
			isa = XCBuildConfiguration;
			buildSettings = {
				ASSETCATALOG_COMPILER_APPICON_NAME = AppIcon;
				INFOPLIST_FILE = TestScrollSegmentedControl/Info.plist;
				LD_RUNPATH_SEARCH_PATHS = "$(inherited) @executable_path/Frameworks";
				PRODUCT_BUNDLE_IDENTIFIER = org.ecepvn.TestScrollSegmentedControl;
				PRODUCT_NAME = "$(TARGET_NAME)";
			};
			name = Debug;
		};
		30E1D7F81BCCB989003B2986 /* Release */ = {
			isa = XCBuildConfiguration;
			buildSettings = {
				ASSETCATALOG_COMPILER_APPICON_NAME = AppIcon;
				INFOPLIST_FILE = TestScrollSegmentedControl/Info.plist;
				LD_RUNPATH_SEARCH_PATHS = "$(inherited) @executable_path/Frameworks";
				PRODUCT_BUNDLE_IDENTIFIER = org.ecepvn.TestScrollSegmentedControl;
				PRODUCT_NAME = "$(TARGET_NAME)";
			};
			name = Release;
		};
		30E1D7FA1BCCB989003B2986 /* Debug */ = {
			isa = XCBuildConfiguration;
			buildSettings = {
				BUNDLE_LOADER = "$(TEST_HOST)";
				INFOPLIST_FILE = TestScrollSegmentedControlTests/Info.plist;
				LD_RUNPATH_SEARCH_PATHS = "$(inherited) @executable_path/Frameworks @loader_path/Frameworks";
				PRODUCT_BUNDLE_IDENTIFIER = org.ecepvn.TestScrollSegmentedControlTests;
				PRODUCT_NAME = "$(TARGET_NAME)";
				TEST_HOST = "$(BUILT_PRODUCTS_DIR)/TestScrollSegmentedControl.app/TestScrollSegmentedControl";
			};
			name = Debug;
		};
		30E1D7FB1BCCB989003B2986 /* Release */ = {
			isa = XCBuildConfiguration;
			buildSettings = {
				BUNDLE_LOADER = "$(TEST_HOST)";
				INFOPLIST_FILE = TestScrollSegmentedControlTests/Info.plist;
				LD_RUNPATH_SEARCH_PATHS = "$(inherited) @executable_path/Frameworks @loader_path/Frameworks";
				PRODUCT_BUNDLE_IDENTIFIER = org.ecepvn.TestScrollSegmentedControlTests;
				PRODUCT_NAME = "$(TARGET_NAME)";
				TEST_HOST = "$(BUILT_PRODUCTS_DIR)/TestScrollSegmentedControl.app/TestScrollSegmentedControl";
			};
			name = Release;
		};
		30E1D7FD1BCCB989003B2986 /* Debug */ = {
			isa = XCBuildConfiguration;
			buildSettings = {
				INFOPLIST_FILE = TestScrollSegmentedControlUITests/Info.plist;
				LD_RUNPATH_SEARCH_PATHS = "$(inherited) @executable_path/Frameworks @loader_path/Frameworks";
				PRODUCT_BUNDLE_IDENTIFIER = org.ecepvn.TestScrollSegmentedControlUITests;
				PRODUCT_NAME = "$(TARGET_NAME)";
				TEST_TARGET_NAME = TestScrollSegmentedControl;
				USES_XCTRUNNER = YES;
			};
			name = Debug;
		};
		30E1D7FE1BCCB989003B2986 /* Release */ = {
			isa = XCBuildConfiguration;
			buildSettings = {
				INFOPLIST_FILE = TestScrollSegmentedControlUITests/Info.plist;
				LD_RUNPATH_SEARCH_PATHS = "$(inherited) @executable_path/Frameworks @loader_path/Frameworks";
				PRODUCT_BUNDLE_IDENTIFIER = org.ecepvn.TestScrollSegmentedControlUITests;
				PRODUCT_NAME = "$(TARGET_NAME)";
				TEST_TARGET_NAME = TestScrollSegmentedControl;
				USES_XCTRUNNER = YES;
			};
			name = Release;
		};
/* End XCBuildConfiguration section */

/* Begin XCConfigurationList section */
		30E1D7C41BCCB987003B2986 /* Build configuration list for PBXProject "TestScrollSegmentedControl" */ = {
			isa = XCConfigurationList;
			buildConfigurations = (
				30E1D7F41BCCB989003B2986 /* Debug */,
				30E1D7F51BCCB989003B2986 /* Release */,
			);
			defaultConfigurationIsVisible = 0;
			defaultConfigurationName = Release;
		};
		30E1D7F61BCCB989003B2986 /* Build configuration list for PBXNativeTarget "TestScrollSegmentedControl" */ = {
			isa = XCConfigurationList;
			buildConfigurations = (
				30E1D7F71BCCB989003B2986 /* Debug */,
				30E1D7F81BCCB989003B2986 /* Release */,
			);
			defaultConfigurationIsVisible = 0;
			defaultConfigurationName = Release;
		};
		30E1D7F91BCCB989003B2986 /* Build configuration list for PBXNativeTarget "TestScrollSegmentedControlTests" */ = {
			isa = XCConfigurationList;
			buildConfigurations = (
				30E1D7FA1BCCB989003B2986 /* Debug */,
				30E1D7FB1BCCB989003B2986 /* Release */,
			);
			defaultConfigurationIsVisible = 0;
			defaultConfigurationName = Release;
		};
		30E1D7FC1BCCB989003B2986 /* Build configuration list for PBXNativeTarget "TestScrollSegmentedControlUITests" */ = {
			isa = XCConfigurationList;
			buildConfigurations = (
				30E1D7FD1BCCB989003B2986 /* Debug */,
				30E1D7FE1BCCB989003B2986 /* Release */,
			);
			defaultConfigurationIsVisible = 0;
			defaultConfigurationName = Release;
		};
/* End XCConfigurationList section */
	};
	rootObject = 30E1D7C11BCCB987003B2986 /* Project object */;
}
